{
  "version": 4,
  "terraform_version": "1.5.0",
  "serial": 246,
  "lineage": "89e80a18-71ab-475b-c532-8f582aa778fd",
  "outputs": {
    "lb_dns_name": {
      "value": "External-LB-659165741.ap-south-1.elb.amazonaws.com",
      "type": "string"
    }
  },
  "resources": [
    {
      "mode": "managed",
      "type": "aws_db_instance",
      "name": "db-instance",
      "provider": "provider[\"registry.terraform.io/hashicorp/aws\"]",
      "instances": [
        {
          "schema_version": 2,
          "attributes": {
            "address": "terraform-20230614055744703500000001.ct3bzm49qenv.ap-south-1.rds.amazonaws.com",
            "allocated_storage": 10,
            "allow_major_version_upgrade": null,
            "apply_immediately": false,
            "arn": "arn:aws:rds:ap-south-1:243768659825:db:terraform-20230614055744703500000001",
            "auto_minor_version_upgrade": true,
            "availability_zone": "ap-south-1b",
            "backup_retention_period": 0,
            "backup_window": "18:14-18:44",
            "blue_green_update": [],
            "ca_cert_identifier": "rds-ca-2019",
            "character_set_name": "",
            "copy_tags_to_snapshot": false,
            "custom_iam_instance_profile": "",
            "customer_owned_ip_enabled": false,
            "db_name": "",
            "db_subnet_group_name": "main",
            "delete_automated_backups": true,
            "deletion_protection": false,
            "domain": "",
            "domain_iam_role_name": "",
            "enabled_cloudwatch_logs_exports": null,
            "endpoint": "terraform-20230614055744703500000001.ct3bzm49qenv.ap-south-1.rds.amazonaws.com:3306",
            "engine": "mysql",
            "engine_version": "5.7",
            "engine_version_actual": "5.7.41",
            "final_snapshot_identifier": null,
            "hosted_zone_id": "Z2VFMSZA74J7XZ",
            "iam_database_authentication_enabled": false,
            "id": "db-K3OIFX3ZP3BS4URHPB462KNQOQ",
            "identifier": "terraform-20230614055744703500000001",
            "identifier_prefix": "terraform-",
            "instance_class": "db.t2.micro",
            "iops": 0,
            "kms_key_id": "",
            "latest_restorable_time": "",
            "license_model": "general-public-license",
            "listener_endpoint": [],
            "maintenance_window": "tue:09:03-tue:09:33",
            "manage_master_user_password": null,
            "master_user_secret": [],
            "master_user_secret_kms_key_id": null,
            "max_allocated_storage": 0,
            "monitoring_interval": 0,
            "monitoring_role_arn": "",
            "multi_az": true,
            "nchar_character_set_name": "",
            "network_type": "IPV4",
            "option_group_name": "default:mysql-5-7",
            "parameter_group_name": "default.mysql5.7",
            "password": "password",
            "performance_insights_enabled": false,
            "performance_insights_kms_key_id": "",
            "performance_insights_retention_period": 0,
            "port": 3306,
            "publicly_accessible": false,
            "replica_mode": "",
            "replicas": [],
            "replicate_source_db": "",
            "resource_id": "db-K3OIFX3ZP3BS4URHPB462KNQOQ",
            "restore_to_point_in_time": [],
            "s3_import": [],
            "skip_final_snapshot": true,
            "snapshot_identifier": null,
            "status": "available",
            "storage_encrypted": false,
            "storage_throughput": 0,
            "storage_type": "gp2",
            "tags": {
              "Name": "mydb"
            },
            "tags_all": {
              "Name": "mydb"
            },
            "timeouts": null,
            "timezone": "",
            "username": "username",
            "vpc_security_group_ids": [
              "sg-0b4b4a0e5d06bd9ac"
            ]
          },
          "sensitive_attributes": [],
          "private": "eyJlMmJmYjczMC1lY2FhLTExZTYtOGY4OC0zNDM2M2JjN2M0YzAiOnsiY3JlYXRlIjoyNDAwMDAwMDAwMDAwLCJkZWxldGUiOjM2MDAwMDAwMDAwMDAsInVwZGF0ZSI6NDgwMDAwMDAwMDAwMH0sInNjaGVtYV92ZXJzaW9uIjoiMiJ9",
          "dependencies": [
            "aws_db_subnet_group.rds1",
            "aws_security_group.db_sg"
          ]
        }
      ]
    },
    {
      "mode": "managed",
      "type": "aws_db_subnet_group",
      "name": "rds1",
      "provider": "provider[\"registry.terraform.io/hashicorp/aws\"]",
      "instances": [
        {
          "schema_version": 0,
          "attributes": {
            "arn": "arn:aws:rds:ap-south-1:243768659825:subgrp:main",
            "description": "Managed by Terraform",
            "id": "main",
            "name": "main",
            "name_prefix": "",
            "subnet_ids": [
              "subnet-01856086decd998fa",
              "subnet-09d201d09733f4058"
            ],
            "supported_network_types": [
              "IPV4"
            ],
            "tags": {
              "Name": " DB subnet group"
            },
            "tags_all": {
              "Name": " DB subnet group"
            },
            "vpc_id": "vpc-04fa771911bc481bc"
          },
          "sensitive_attributes": [],
          "private": "bnVsbA==",
          "dependencies": [
            "aws_subnet.MyDbPvtSn-1",
            "aws_subnet.MyDbPvtSn-2",
            "aws_vpc.mainvpc"
          ]
        }
      ]
    },
    {
      "mode": "managed",
      "type": "aws_instance",
      "name": "example",
      "provider": "provider[\"registry.terraform.io/hashicorp/aws\"]",
      "instances": [
        {
          "schema_version": 1,
          "attributes": {
            "ami": "ami-03cb1380eec7cc118",
            "arn": "arn:aws:ec2:ap-south-1:243768659825:instance/i-0a776eedabf7f346d",
            "associate_public_ip_address": true,
            "availability_zone": "ap-south-1b",
            "capacity_reservation_specification": [
              {
                "capacity_reservation_preference": "open",
                "capacity_reservation_target": []
              }
            ],
            "cpu_core_count": 1,
            "cpu_options": [
              {
                "amd_sev_snp": "",
                "core_count": 1,
                "threads_per_core": 1
              }
            ],
            "cpu_threads_per_core": 1,
            "credit_specification": [
              {
                "cpu_credits": "standard"
              }
            ],
            "disable_api_stop": false,
            "disable_api_termination": false,
            "ebs_block_device": [],
            "ebs_optimized": false,
            "enclave_options": [
              {
                "enabled": false
              }
            ],
            "ephemeral_block_device": [],
            "get_password_data": false,
            "hibernation": false,
            "host_id": "",
            "host_resource_group_arn": null,
            "iam_instance_profile": "",
            "id": "i-0a776eedabf7f346d",
            "instance_initiated_shutdown_behavior": "stop",
            "instance_lifecycle": "",
            "instance_market_options": [],
            "instance_state": "running",
            "instance_type": "t2.micro",
            "ipv6_address_count": 0,
            "ipv6_addresses": [],
            "key_name": "",
            "launch_template": [],
            "maintenance_options": [
              {
                "auto_recovery": "default"
              }
            ],
            "metadata_options": [
              {
                "http_endpoint": "enabled",
                "http_put_response_hop_limit": 1,
                "http_tokens": "optional",
                "instance_metadata_tags": "disabled"
              }
            ],
            "monitoring": false,
            "network_interface": [],
            "outpost_arn": "",
            "password_data": "",
            "placement_group": "",
            "placement_partition_number": 0,
            "primary_network_interface_id": "eni-07c4b729fa319da35",
            "private_dns": "ip-172-31-5-184.ap-south-1.compute.internal",
            "private_dns_name_options": [
              {
                "enable_resource_name_dns_a_record": false,
                "enable_resource_name_dns_aaaa_record": false,
                "hostname_type": "ip-name"
              }
            ],
            "private_ip": "172.31.5.184",
            "public_dns": "ec2-13-233-104-85.ap-south-1.compute.amazonaws.com",
            "public_ip": "13.233.104.85",
            "root_block_device": [
              {
                "delete_on_termination": true,
                "device_name": "/dev/xvda",
                "encrypted": false,
                "iops": 100,
                "kms_key_id": "",
                "tags": {},
                "throughput": 0,
                "volume_id": "vol-08b8d9b07c890233e",
                "volume_size": 8,
                "volume_type": "gp2"
              }
            ],
            "secondary_private_ips": [],
            "security_groups": [
              "default"
            ],
            "source_dest_check": true,
            "spot_instance_request_id": "",
            "subnet_id": "subnet-0fbc8bbb1bc946ceb",
            "tags": {},
            "tags_all": {},
            "tenancy": "default",
            "timeouts": null,
            "user_data": null,
            "user_data_base64": null,
            "user_data_replace_on_change": false,
            "volume_tags": null,
            "vpc_security_group_ids": [
              "sg-05421c1e76618f391"
            ]
          },
          "sensitive_attributes": [],
          "private": "eyJlMmJmYjczMC1lY2FhLTExZTYtOGY4OC0zNDM2M2JjN2M0YzAiOnsiY3JlYXRlIjo2MDAwMDAwMDAwMDAsImRlbGV0ZSI6MTIwMDAwMDAwMDAwMCwidXBkYXRlIjo2MDAwMDAwMDAwMDB9LCJzY2hlbWFfdmVyc2lvbiI6IjEifQ=="
        }
      ]
    },
    {
      "mode": "managed",
      "type": "aws_instance",
      "name": "pub_ec2-1",
      "provider": "provider[\"registry.terraform.io/hashicorp/aws\"]",
      "instances": [
        {
          "index_key": 0,
          "schema_version": 1,
          "attributes": {
            "ami": "ami-03cb1380eec7cc118",
            "arn": "arn:aws:ec2:ap-south-1:243768659825:instance/i-0734604f04bbec35c",
            "associate_public_ip_address": true,
            "availability_zone": "ap-south-1a",
            "capacity_reservation_specification": [
              {
                "capacity_reservation_preference": "open",
                "capacity_reservation_target": []
              }
            ],
            "cpu_core_count": 1,
            "cpu_options": [
              {
                "amd_sev_snp": "",
                "core_count": 1,
                "threads_per_core": 1
              }
            ],
            "cpu_threads_per_core": 1,
            "credit_specification": [
              {
                "cpu_credits": "standard"
              }
            ],
            "disable_api_stop": false,
            "disable_api_termination": false,
            "ebs_block_device": [],
            "ebs_optimized": false,
            "enclave_options": [
              {
                "enabled": false
              }
            ],
            "ephemeral_block_device": [],
            "get_password_data": false,
            "hibernation": false,
            "host_id": "",
            "host_resource_group_arn": null,
            "iam_instance_profile": "",
            "id": "i-0734604f04bbec35c",
            "instance_initiated_shutdown_behavior": "stop",
            "instance_lifecycle": "",
            "instance_market_options": [],
            "instance_state": "running",
            "instance_type": "t2.micro",
            "ipv6_address_count": 0,
            "ipv6_addresses": [],
            "key_name": "Linux",
            "launch_template": [],
            "maintenance_options": [
              {
                "auto_recovery": "default"
              }
            ],
            "metadata_options": [
              {
                "http_endpoint": "enabled",
                "http_put_response_hop_limit": 1,
                "http_tokens": "optional",
                "instance_metadata_tags": "disabled"
              }
            ],
            "monitoring": false,
            "network_interface": [],
            "outpost_arn": "",
            "password_data": "",
            "placement_group": "",
            "placement_partition_number": 0,
            "primary_network_interface_id": "eni-05efd004f1f18868d",
            "private_dns": "ip-10-0-255-134.ap-south-1.compute.internal",
            "private_dns_name_options": [
              {
                "enable_resource_name_dns_a_record": false,
                "enable_resource_name_dns_aaaa_record": false,
                "hostname_type": "ip-name"
              }
            ],
            "private_ip": "10.0.255.134",
            "public_dns": "",
            "public_ip": "13.235.245.141",
            "root_block_device": [
              {
                "delete_on_termination": true,
                "device_name": "/dev/xvda",
                "encrypted": false,
                "iops": 100,
                "kms_key_id": "",
                "tags": {},
                "throughput": 0,
                "volume_id": "vol-0ead100edc6a83c3e",
                "volume_size": 8,
                "volume_type": "gp2"
              }
            ],
            "secondary_private_ips": [],
            "security_groups": [],
            "source_dest_check": true,
            "spot_instance_request_id": "",
            "subnet_id": "subnet-0a91153599aaf678d",
            "tags": {
              "Name": "publicec2-1"
            },
            "tags_all": {
              "Name": "publicec2-1"
            },
            "tenancy": "default",
            "timeouts": null,
            "user_data": "f1ca3da89189fe8a764a17d2ec4f7f66151703e7",
            "user_data_base64": null,
            "user_data_replace_on_change": false,
            "volume_tags": null,
            "vpc_security_group_ids": [
              "sg-01f29c91959e06771"
            ]
          },
          "sensitive_attributes": [],
          "private": "eyJlMmJmYjczMC1lY2FhLTExZTYtOGY4OC0zNDM2M2JjN2M0YzAiOnsiY3JlYXRlIjo2MDAwMDAwMDAwMDAsImRlbGV0ZSI6MTIwMDAwMDAwMDAwMCwidXBkYXRlIjo2MDAwMDAwMDAwMDB9LCJzY2hlbWFfdmVyc2lvbiI6IjEifQ==",
          "dependencies": [
            "aws_security_group.web_sg",
            "aws_subnet.MyPubSn-1",
            "aws_vpc.mainvpc"
          ]
        }
      ]
    },
    {
      "mode": "managed",
      "type": "aws_instance",
      "name": "pub_ec2-2",
      "provider": "provider[\"registry.terraform.io/hashicorp/aws\"]",
      "instances": [
        {
          "index_key": 0,
          "schema_version": 1,
          "attributes": {
            "ami": "ami-03cb1380eec7cc118",
            "arn": "arn:aws:ec2:ap-south-1:243768659825:instance/i-0602442d5f337de2f",
            "associate_public_ip_address": true,
            "availability_zone": "ap-south-1b",
            "capacity_reservation_specification": [
              {
                "capacity_reservation_preference": "open",
                "capacity_reservation_target": []
              }
            ],
            "cpu_core_count": 1,
            "cpu_options": [
              {
                "amd_sev_snp": "",
                "core_count": 1,
                "threads_per_core": 1
              }
            ],
            "cpu_threads_per_core": 1,
            "credit_specification": [
              {
                "cpu_credits": "standard"
              }
            ],
            "disable_api_stop": false,
            "disable_api_termination": false,
            "ebs_block_device": [],
            "ebs_optimized": false,
            "enclave_options": [
              {
                "enabled": false
              }
            ],
            "ephemeral_block_device": [],
            "get_password_data": false,
            "hibernation": false,
            "host_id": "",
            "host_resource_group_arn": null,
            "iam_instance_profile": "",
            "id": "i-0602442d5f337de2f",
            "instance_initiated_shutdown_behavior": "stop",
            "instance_lifecycle": "",
            "instance_market_options": [],
            "instance_state": "running",
            "instance_type": "t2.micro",
            "ipv6_address_count": 0,
            "ipv6_addresses": [],
            "key_name": "Linux",
            "launch_template": [],
            "maintenance_options": [
              {
                "auto_recovery": "default"
              }
            ],
            "metadata_options": [
              {
                "http_endpoint": "enabled",
                "http_put_response_hop_limit": 1,
                "http_tokens": "optional",
                "instance_metadata_tags": "disabled"
              }
            ],
            "monitoring": false,
            "network_interface": [],
            "outpost_arn": "",
            "password_data": "",
            "placement_group": "",
            "placement_partition_number": 0,
            "primary_network_interface_id": "eni-04b9127fc13e44a60",
            "private_dns": "ip-10-0-255-88.ap-south-1.compute.internal",
            "private_dns_name_options": [
              {
                "enable_resource_name_dns_a_record": false,
                "enable_resource_name_dns_aaaa_record": false,
                "hostname_type": "ip-name"
              }
            ],
            "private_ip": "10.0.255.88",
            "public_dns": "",
            "public_ip": "43.204.215.101",
            "root_block_device": [
              {
                "delete_on_termination": true,
                "device_name": "/dev/xvda",
                "encrypted": false,
                "iops": 100,
                "kms_key_id": "",
                "tags": {},
                "throughput": 0,
                "volume_id": "vol-04c2491e05839f5de",
                "volume_size": 8,
                "volume_type": "gp2"
              }
            ],
            "secondary_private_ips": [],
            "security_groups": [],
            "source_dest_check": true,
            "spot_instance_request_id": "",
            "subnet_id": "subnet-0dacd9487a8d8a901",
            "tags": {
              "Name": "publicec2-2"
            },
            "tags_all": {
              "Name": "publicec2-2"
            },
            "tenancy": "default",
            "timeouts": null,
            "user_data": "f1ca3da89189fe8a764a17d2ec4f7f66151703e7",
            "user_data_base64": null,
            "user_data_replace_on_change": false,
            "volume_tags": null,
            "vpc_security_group_ids": [
              "sg-01f29c91959e06771"
            ]
          },
          "sensitive_attributes": [],
          "private": "eyJlMmJmYjczMC1lY2FhLTExZTYtOGY4OC0zNDM2M2JjN2M0YzAiOnsiY3JlYXRlIjo2MDAwMDAwMDAwMDAsImRlbGV0ZSI6MTIwMDAwMDAwMDAwMCwidXBkYXRlIjo2MDAwMDAwMDAwMDB9LCJzY2hlbWFfdmVyc2lvbiI6IjEifQ==",
          "dependencies": [
            "aws_security_group.web_sg",
            "aws_subnet.MyPubSn-2",
            "aws_vpc.mainvpc"
          ]
        }
      ]
    },
    {
      "mode": "managed",
      "type": "aws_internet_gateway",
      "name": "MyIgw",
      "provider": "provider[\"registry.terraform.io/hashicorp/aws\"]",
      "instances": [
        {
          "schema_version": 0,
          "attributes": {
            "arn": "arn:aws:ec2:ap-south-1:243768659825:internet-gateway/igw-0a77c79fe2e480626",
            "id": "igw-0a77c79fe2e480626",
            "owner_id": "243768659825",
            "tags": {
              "Name": "my-igw"
            },
            "tags_all": {
              "Name": "my-igw"
            },
            "timeouts": null,
            "vpc_id": "vpc-04fa771911bc481bc"
          },
          "sensitive_attributes": [],
          "private": "eyJlMmJmYjczMC1lY2FhLTExZTYtOGY4OC0zNDM2M2JjN2M0YzAiOnsiY3JlYXRlIjoxMjAwMDAwMDAwMDAwLCJkZWxldGUiOjEyMDAwMDAwMDAwMDAsInVwZGF0ZSI6MTIwMDAwMDAwMDAwMH19",
          "dependencies": [
            "aws_vpc.mainvpc"
          ]
        }
      ]
    },
    {
      "mode": "managed",
      "type": "aws_key_pair",
      "name": "tf-key-pair",
      "provider": "provider[\"registry.terraform.io/hashicorp/aws\"]",
      "instances": [
        {
          "schema_version": 1,
          "attributes": {
            "arn": "arn:aws:ec2:ap-south-1:243768659825:key-pair/tf-key-pair",
            "fingerprint": "82:6d:91:b3:e8:d4:3d:5e:05:e1:6b:76:f3:c3:36:b3",
            "id": "tf-key-pair",
            "key_name": "tf-key-pair",
            "key_name_prefix": "",
            "key_pair_id": "key-0ab708b3d141a4740",
            "key_type": "rsa",
            "public_key": "ssh-rsa AAAAB3NzaC1yc2EAAAADAQABAAACAQC3Axk9Ogp2SHxKgj7+DnVhQd5CxzueWKyxTWYdqTN5DHAhxnEDHqsc3INjSFfh7BXW9F5Om+f+p9G84Kehx6KkSmckOOEh/aGHAE0HJftrMSL9CFb4vF5tzhDXH5n5eW5gaL7wrbHQyOA63xfbxNMdadqw1YWCAIC5l/6oFqZ6He5jqaMNTjRH4Xb2Xp0uARQm+tW7+pfq5sgUyWcjws5WzYXAAJDb4Bb5QPNIomEXWLoqjart8BG05EmorDmwWMoZwK7gME75ZBCHpdqwtnWl3SB/9smYZephd5RCbGCSKRyh9bLL72cCjkqc1IYQaY+i/HG6z2Dy5n9j1LmaAmNIH1AZ0g3eM1e/RioIvf5jl77GqBSVk8/vbjgQGxIFNGngumysPWib4Fip85igFLGAiWDeXF8jyReOgMAGxgSrQfHrcRyiWO1KU/jtZm8/nDk7Xf60TwGqpabU8aXWeHhYkLmOFiGG3/+pvwc5zZGu2zPyY51UVLtfEyqfTBkkEV2a7jLF81YupCi2uVKJeE2Nm3pBnEoycuH0ci5m8u2Y8nmBh2/XXIv7vmCXJJVizZP73uCXM9TovBo9/LFFQGKdPniVSOsEQmV/yr1ivvDN1xSdaUyTp6WSHv6wZV6RZBWjT1myJo0ulDnRT4sUeqYHathHrUcgVJSQOT1m03rH2Q==",
            "tags": {},
            "tags_all": {}
          },
          "sensitive_attributes": [],
          "private": "eyJzY2hlbWFfdmVyc2lvbiI6IjEifQ==",
          "dependencies": [
            "tls_private_key.rsa"
          ]
        }
      ]
    },
    {
      "mode": "managed",
      "type": "aws_lb",
      "name": "external-alb",
      "provider": "provider[\"registry.terraform.io/hashicorp/aws\"]",
      "instances": [
        {
          "schema_version": 0,
          "attributes": {
            "access_logs": [
              {
                "bucket": "",
                "enabled": false,
                "prefix": ""
              }
            ],
            "arn": "arn:aws:elasticloadbalancing:ap-south-1:243768659825:loadbalancer/app/External-LB/11dfa5251f7ee17f",
            "arn_suffix": "app/External-LB/11dfa5251f7ee17f",
            "customer_owned_ipv4_pool": "",
            "desync_mitigation_mode": "defensive",
            "dns_name": "External-LB-659165741.ap-south-1.elb.amazonaws.com",
            "drop_invalid_header_fields": false,
            "enable_cross_zone_load_balancing": true,
            "enable_deletion_protection": false,
            "enable_http2": true,
            "enable_tls_version_and_cipher_suite_headers": false,
            "enable_waf_fail_open": false,
            "enable_xff_client_port": false,
            "id": "arn:aws:elasticloadbalancing:ap-south-1:243768659825:loadbalancer/app/External-LB/11dfa5251f7ee17f",
            "idle_timeout": 60,
            "internal": false,
            "ip_address_type": "ipv4",
            "load_balancer_type": "application",
            "name": "External-LB",
            "name_prefix": null,
            "preserve_host_header": false,
            "security_groups": [
              "sg-01f29c91959e06771"
            ],
            "subnet_mapping": [
              {
                "allocation_id": "",
                "ipv6_address": "",
                "outpost_id": "",
                "private_ipv4_address": "",
                "subnet_id": "subnet-0a91153599aaf678d"
              },
              {
                "allocation_id": "",
                "ipv6_address": "",
                "outpost_id": "",
                "private_ipv4_address": "",
                "subnet_id": "subnet-0dacd9487a8d8a901"
              }
            ],
            "subnets": [
              "subnet-0a91153599aaf678d",
              "subnet-0dacd9487a8d8a901"
            ],
            "tags": {},
            "tags_all": {},
            "timeouts": null,
            "vpc_id": "vpc-04fa771911bc481bc",
            "xff_header_processing_mode": "append",
            "zone_id": "ZP97RAFLXTNZK"
          },
          "sensitive_attributes": [],
          "private": "eyJlMmJmYjczMC1lY2FhLTExZTYtOGY4OC0zNDM2M2JjN2M0YzAiOnsiY3JlYXRlIjo2MDAwMDAwMDAwMDAsImRlbGV0ZSI6NjAwMDAwMDAwMDAwLCJ1cGRhdGUiOjYwMDAwMDAwMDAwMH19",
          "dependencies": [
            "aws_security_group.web_sg",
            "aws_subnet.MyPubSn-1",
            "aws_subnet.MyPubSn-2",
            "aws_vpc.mainvpc"
          ]
        }
      ]
    },
    {
      "mode": "managed",
      "type": "aws_lb_listener",
      "name": "lb-listener",
      "provider": "provider[\"registry.terraform.io/hashicorp/aws\"]",
      "instances": [
        {
          "schema_version": 0,
          "attributes": {
            "alpn_policy": null,
            "arn": "arn:aws:elasticloadbalancing:ap-south-1:243768659825:listener/app/External-LB/11dfa5251f7ee17f/25ea991ec42ab1f2",
            "certificate_arn": null,
            "default_action": [
              {
                "authenticate_cognito": [],
                "authenticate_oidc": [],
                "fixed_response": [],
                "forward": [],
                "order": 1,
                "redirect": [],
                "target_group_arn": "arn:aws:elasticloadbalancing:ap-south-1:243768659825:targetgroup/ALB-TG/964764b412e041c8",
                "type": "forward"
              }
            ],
            "id": "arn:aws:elasticloadbalancing:ap-south-1:243768659825:listener/app/External-LB/11dfa5251f7ee17f/25ea991ec42ab1f2",
            "load_balancer_arn": "arn:aws:elasticloadbalancing:ap-south-1:243768659825:loadbalancer/app/External-LB/11dfa5251f7ee17f",
            "port": 80,
            "protocol": "HTTP",
            "ssl_policy": "",
            "tags": {},
            "tags_all": {},
            "timeouts": null
          },
          "sensitive_attributes": [],
          "private": "eyJlMmJmYjczMC1lY2FhLTExZTYtOGY4OC0zNDM2M2JjN2M0YzAiOnsicmVhZCI6NjAwMDAwMDAwMDAwfX0=",
          "dependencies": [
            "aws_lb.external-alb",
            "aws_lb_target_group.target-elb",
            "aws_security_group.web_sg",
            "aws_subnet.MyPubSn-1",
            "aws_subnet.MyPubSn-2",
            "aws_vpc.mainvpc"
          ]
        }
      ]
    },
    {
      "mode": "managed",
      "type": "aws_lb_target_group",
      "name": "target-elb",
      "provider": "provider[\"registry.terraform.io/hashicorp/aws\"]",
      "instances": [
        {
          "schema_version": 0,
          "attributes": {
            "arn": "arn:aws:elasticloadbalancing:ap-south-1:243768659825:targetgroup/ALB-TG/964764b412e041c8",
            "arn_suffix": "targetgroup/ALB-TG/964764b412e041c8",
            "connection_termination": false,
            "deregistration_delay": "300",
            "health_check": [
              {
                "enabled": true,
                "healthy_threshold": 5,
                "interval": 30,
                "matcher": "200",
                "path": "/",
                "port": "traffic-port",
                "protocol": "HTTP",
                "timeout": 5,
                "unhealthy_threshold": 2
              }
            ],
            "id": "arn:aws:elasticloadbalancing:ap-south-1:243768659825:targetgroup/ALB-TG/964764b412e041c8",
            "ip_address_type": "ipv4",
            "lambda_multi_value_headers_enabled": false,
            "load_balancing_algorithm_type": "round_robin",
            "load_balancing_cross_zone_enabled": "use_load_balancer_configuration",
            "name": "ALB-TG",
            "name_prefix": null,
            "port": 80,
            "preserve_client_ip": null,
            "protocol": "HTTP",
            "protocol_version": "HTTP1",
            "proxy_protocol_v2": false,
            "slow_start": 0,
            "stickiness": [
              {
                "cookie_duration": 86400,
                "cookie_name": "",
                "enabled": false,
                "type": "lb_cookie"
              }
            ],
            "tags": {},
            "tags_all": {},
            "target_failover": [
              {
                "on_deregistration": null,
                "on_unhealthy": null
              }
            ],
            "target_type": "instance",
            "vpc_id": "vpc-04fa771911bc481bc"
          },
          "sensitive_attributes": [],
          "private": "bnVsbA==",
          "dependencies": [
            "aws_vpc.mainvpc"
          ]
        }
      ]
    },
    {
      "mode": "managed",
      "type": "aws_lb_target_group_attachment",
      "name": "tg-attachement",
      "provider": "provider[\"registry.terraform.io/hashicorp/aws\"]",
      "instances": [
        {
          "schema_version": 0,
          "attributes": {
            "availability_zone": null,
            "id": "arn:aws:elasticloadbalancing:ap-south-1:243768659825:targetgroup/ALB-TG/964764b412e041c8-20230614053521695600000006",
            "port": 80,
            "target_group_arn": "arn:aws:elasticloadbalancing:ap-south-1:243768659825:targetgroup/ALB-TG/964764b412e041c8",
            "target_id": "i-0734604f04bbec35c"
          },
          "sensitive_attributes": [],
          "private": "bnVsbA==",
          "dependencies": [
            "aws_instance.pub_ec2-1",
            "aws_lb_target_group.target-elb",
            "aws_security_group.web_sg",
            "aws_subnet.MyPubSn-1",
            "aws_vpc.mainvpc"
          ]
        }
      ]
    },
    {
      "mode": "managed",
      "type": "aws_lb_target_group_attachment",
      "name": "tg-attachement-1",
      "provider": "provider[\"registry.terraform.io/hashicorp/aws\"]",
      "instances": [
        {
          "schema_version": 0,
          "attributes": {
            "availability_zone": null,
            "id": "arn:aws:elasticloadbalancing:ap-south-1:243768659825:targetgroup/ALB-TG/964764b412e041c8-20230614053521588400000005",
            "port": 80,
            "target_group_arn": "arn:aws:elasticloadbalancing:ap-south-1:243768659825:targetgroup/ALB-TG/964764b412e041c8",
            "target_id": "i-0602442d5f337de2f"
          },
          "sensitive_attributes": [],
          "private": "bnVsbA==",
          "dependencies": [
            "aws_instance.pub_ec2-2",
            "aws_lb_target_group.target-elb",
            "aws_security_group.web_sg",
            "aws_subnet.MyPubSn-2",
            "aws_vpc.mainvpc"
          ]
        }
      ]
    },
    {
      "mode": "managed",
      "type": "aws_route_table",
      "name": "pvt_route",
      "provider": "provider[\"registry.terraform.io/hashicorp/aws\"]",
      "instances": [
        {
          "schema_version": 0,
          "attributes": {
            "arn": "arn:aws:ec2:ap-south-1:243768659825:route-table/rtb-013f48176be57f4df",
            "id": "rtb-013f48176be57f4df",
            "owner_id": "243768659825",
            "propagating_vgws": [],
            "route": [],
            "tags": {
              "Name": "my-pvt-rt"
            },
            "tags_all": {
              "Name": "my-pvt-rt"
            },
            "timeouts": null,
            "vpc_id": "vpc-04fa771911bc481bc"
          },
          "sensitive_attributes": [],
          "private": "eyJlMmJmYjczMC1lY2FhLTExZTYtOGY4OC0zNDM2M2JjN2M0YzAiOnsiY3JlYXRlIjozMDAwMDAwMDAwMDAsImRlbGV0ZSI6MzAwMDAwMDAwMDAwLCJ1cGRhdGUiOjEyMDAwMDAwMDAwMH19",
          "dependencies": [
            "aws_vpc.mainvpc"
          ]
        }
      ]
    },
    {
      "mode": "managed",
      "type": "aws_route_table",
      "name": "route",
      "provider": "provider[\"registry.terraform.io/hashicorp/aws\"]",
      "instances": [
        {
          "schema_version": 0,
          "attributes": {
            "arn": "arn:aws:ec2:ap-south-1:243768659825:route-table/rtb-0cc439bb0a5b7239e",
            "id": "rtb-0cc439bb0a5b7239e",
            "owner_id": "243768659825",
            "propagating_vgws": [],
            "route": [
              {
                "carrier_gateway_id": "",
                "cidr_block": "0.0.0.0/0",
                "core_network_arn": "",
                "destination_prefix_list_id": "",
                "egress_only_gateway_id": "",
                "gateway_id": "igw-0a77c79fe2e480626",
                "ipv6_cidr_block": "",
                "local_gateway_id": "",
                "nat_gateway_id": "",
                "network_interface_id": "",
                "transit_gateway_id": "",
                "vpc_endpoint_id": "",
                "vpc_peering_connection_id": ""
              }
            ],
            "tags": {
              "Name": "my-pub-rt"
            },
            "tags_all": {
              "Name": "my-pub-rt"
            },
            "timeouts": null,
            "vpc_id": "vpc-04fa771911bc481bc"
          },
          "sensitive_attributes": [],
          "private": "eyJlMmJmYjczMC1lY2FhLTExZTYtOGY4OC0zNDM2M2JjN2M0YzAiOnsiY3JlYXRlIjozMDAwMDAwMDAwMDAsImRlbGV0ZSI6MzAwMDAwMDAwMDAwLCJ1cGRhdGUiOjEyMDAwMDAwMDAwMH19",
          "dependencies": [
            "aws_internet_gateway.MyIgw",
            "aws_vpc.mainvpc"
          ]
        }
      ]
    },
    {
      "mode": "managed",
      "type": "aws_route_table_association",
      "name": "p_rt1",
      "provider": "provider[\"registry.terraform.io/hashicorp/aws\"]",
      "instances": [
        {
          "schema_version": 0,
          "attributes": {
            "gateway_id": "",
            "id": "rtbassoc-0c97103f3aed95be0",
            "route_table_id": "rtb-013f48176be57f4df",
            "subnet_id": "subnet-0c75e30c274b139b1",
            "timeouts": null
          },
          "sensitive_attributes": [],
          "private": "eyJlMmJmYjczMC1lY2FhLTExZTYtOGY4OC0zNDM2M2JjN2M0YzAiOnsiY3JlYXRlIjozMDAwMDAwMDAwMDAsImRlbGV0ZSI6MzAwMDAwMDAwMDAwLCJ1cGRhdGUiOjEyMDAwMDAwMDAwMH19",
          "dependencies": [
            "aws_route_table.pvt_route",
            "aws_subnet.MyAppSn-1",
            "aws_vpc.mainvpc"
          ]
        }
      ]
    },
    {
      "mode": "managed",
      "type": "aws_route_table_association",
      "name": "p_rt2",
      "provider": "provider[\"registry.terraform.io/hashicorp/aws\"]",
      "instances": [
        {
          "schema_version": 0,
          "attributes": {
            "gateway_id": "",
            "id": "rtbassoc-0176e13f3d512a818",
            "route_table_id": "rtb-013f48176be57f4df",
            "subnet_id": "subnet-09368e77fade3aee5",
            "timeouts": null
          },
          "sensitive_attributes": [],
          "private": "eyJlMmJmYjczMC1lY2FhLTExZTYtOGY4OC0zNDM2M2JjN2M0YzAiOnsiY3JlYXRlIjozMDAwMDAwMDAwMDAsImRlbGV0ZSI6MzAwMDAwMDAwMDAwLCJ1cGRhdGUiOjEyMDAwMDAwMDAwMH19",
          "dependencies": [
            "aws_route_table.pvt_route",
            "aws_subnet.MyAppSn-2",
            "aws_vpc.mainvpc"
          ]
        }
      ]
    },
    {
      "mode": "managed",
      "type": "aws_route_table_association",
      "name": "p_rt3",
      "provider": "provider[\"registry.terraform.io/hashicorp/aws\"]",
      "instances": [
        {
          "schema_version": 0,
          "attributes": {
            "gateway_id": "",
            "id": "rtbassoc-06c666ef942dc60c9",
            "route_table_id": "rtb-013f48176be57f4df",
            "subnet_id": "subnet-01856086decd998fa",
            "timeouts": null
          },
          "sensitive_attributes": [],
          "private": "eyJlMmJmYjczMC1lY2FhLTExZTYtOGY4OC0zNDM2M2JjN2M0YzAiOnsiY3JlYXRlIjozMDAwMDAwMDAwMDAsImRlbGV0ZSI6MzAwMDAwMDAwMDAwLCJ1cGRhdGUiOjEyMDAwMDAwMDAwMH19",
          "dependencies": [
            "aws_route_table.pvt_route",
            "aws_subnet.MyDbPvtSn-1",
            "aws_vpc.mainvpc"
          ]
        }
      ]
    },
    {
      "mode": "managed",
      "type": "aws_route_table_association",
      "name": "p_rt4",
      "provider": "provider[\"registry.terraform.io/hashicorp/aws\"]",
      "instances": [
        {
          "schema_version": 0,
          "attributes": {
            "gateway_id": "",
            "id": "rtbassoc-03c572ec9b08d37ec",
            "route_table_id": "rtb-013f48176be57f4df",
            "subnet_id": "subnet-09d201d09733f4058",
            "timeouts": null
          },
          "sensitive_attributes": [],
          "private": "eyJlMmJmYjczMC1lY2FhLTExZTYtOGY4OC0zNDM2M2JjN2M0YzAiOnsiY3JlYXRlIjozMDAwMDAwMDAwMDAsImRlbGV0ZSI6MzAwMDAwMDAwMDAwLCJ1cGRhdGUiOjEyMDAwMDAwMDAwMH19",
          "dependencies": [
            "aws_route_table.pvt_route",
            "aws_subnet.MyDbPvtSn-2",
            "aws_vpc.mainvpc"
          ]
        }
      ]
    },
    {
      "mode": "managed",
      "type": "aws_route_table_association",
      "name": "rt1",
      "provider": "provider[\"registry.terraform.io/hashicorp/aws\"]",
      "instances": [
        {
          "schema_version": 0,
          "attributes": {
            "gateway_id": "",
            "id": "rtbassoc-0a0fd8a407ae7b20a",
            "route_table_id": "rtb-0cc439bb0a5b7239e",
            "subnet_id": "subnet-0a91153599aaf678d",
            "timeouts": null
          },
          "sensitive_attributes": [],
          "private": "eyJlMmJmYjczMC1lY2FhLTExZTYtOGY4OC0zNDM2M2JjN2M0YzAiOnsiY3JlYXRlIjozMDAwMDAwMDAwMDAsImRlbGV0ZSI6MzAwMDAwMDAwMDAwLCJ1cGRhdGUiOjEyMDAwMDAwMDAwMH19",
          "dependencies": [
            "aws_internet_gateway.MyIgw",
            "aws_route_table.route",
            "aws_subnet.MyPubSn-1",
            "aws_vpc.mainvpc"
          ]
        }
      ]
    },
    {
      "mode": "managed",
      "type": "aws_route_table_association",
      "name": "rt2",
      "provider": "provider[\"registry.terraform.io/hashicorp/aws\"]",
      "instances": [
        {
          "schema_version": 0,
          "attributes": {
            "gateway_id": "",
            "id": "rtbassoc-05a6a8128e37a22f3",
            "route_table_id": "rtb-0cc439bb0a5b7239e",
            "subnet_id": "subnet-0dacd9487a8d8a901",
            "timeouts": null
          },
          "sensitive_attributes": [],
          "private": "eyJlMmJmYjczMC1lY2FhLTExZTYtOGY4OC0zNDM2M2JjN2M0YzAiOnsiY3JlYXRlIjozMDAwMDAwMDAwMDAsImRlbGV0ZSI6MzAwMDAwMDAwMDAwLCJ1cGRhdGUiOjEyMDAwMDAwMDAwMH19",
          "dependencies": [
            "aws_internet_gateway.MyIgw",
            "aws_route_table.route",
            "aws_subnet.MyPubSn-2",
            "aws_vpc.mainvpc"
          ]
        }
      ]
    },
    {
      "mode": "managed",
      "type": "aws_security_group",
      "name": "db_sg",
      "provider": "provider[\"registry.terraform.io/hashicorp/aws\"]",
      "instances": [
        {
          "schema_version": 1,
          "attributes": {
            "arn": "arn:aws:ec2:ap-south-1:243768659825:security-group/sg-0b4b4a0e5d06bd9ac",
            "description": "Allow inbound traffic from applicatio layer",
            "egress": [
              {
                "cidr_blocks": [
                  "0.0.0.0/0"
                ],
                "description": "",
                "from_port": 32768,
                "ipv6_cidr_blocks": [],
                "prefix_list_ids": [],
                "protocol": "tcp",
                "security_groups": [],
                "self": false,
                "to_port": 65535
              }
            ],
            "id": "sg-0b4b4a0e5d06bd9ac",
            "ingress": [
              {
                "cidr_blocks": [],
                "description": "Allow traffic from application layer",
                "from_port": 3306,
                "ipv6_cidr_blocks": [],
                "prefix_list_ids": [],
                "protocol": "tcp",
                "security_groups": [
                  "sg-01f29c91959e06771"
                ],
                "self": false,
                "to_port": 3306
              }
            ],
            "name": "Database_sg",
            "name_prefix": "",
            "owner_id": "243768659825",
            "revoke_rules_on_delete": false,
            "tags": {
              "Name": "Database-SG"
            },
            "tags_all": {
              "Name": "Database-SG"
            },
            "timeouts": null,
            "vpc_id": "vpc-04fa771911bc481bc"
          },
          "sensitive_attributes": [],
          "private": "eyJlMmJmYjczMC1lY2FhLTExZTYtOGY4OC0zNDM2M2JjN2M0YzAiOnsiY3JlYXRlIjo2MDAwMDAwMDAwMDAsImRlbGV0ZSI6OTAwMDAwMDAwMDAwfSwic2NoZW1hX3ZlcnNpb24iOiIxIn0=",
          "dependencies": [
            "aws_security_group.web_sg",
            "aws_vpc.mainvpc"
          ]
        }
      ]
    },
    {
      "mode": "managed",
      "type": "aws_security_group",
      "name": "web_sg",
      "provider": "provider[\"registry.terraform.io/hashicorp/aws\"]",
      "instances": [
        {
          "schema_version": 1,
          "attributes": {
            "arn": "arn:aws:ec2:ap-south-1:243768659825:security-group/sg-01f29c91959e06771",
            "description": "Managed by Terraform",
            "egress": [
              {
                "cidr_blocks": [
                  "0.0.0.0/0"
                ],
                "description": "",
                "from_port": 0,
                "ipv6_cidr_blocks": [],
                "prefix_list_ids": [],
                "protocol": "-1",
                "security_groups": [],
                "self": false,
                "to_port": 0
              }
            ],
            "id": "sg-01f29c91959e06771",
            "ingress": [
              {
                "cidr_blocks": [
                  "0.0.0.0/0"
                ],
                "description": "",
                "from_port": 22,
                "ipv6_cidr_blocks": [],
                "prefix_list_ids": [],
                "protocol": "tcp",
                "security_groups": [],
                "self": false,
                "to_port": 22
              },
              {
                "cidr_blocks": [
                  "0.0.0.0/0"
                ],
                "description": "",
                "from_port": 443,
                "ipv6_cidr_blocks": [],
                "prefix_list_ids": [],
                "protocol": "tcp",
                "security_groups": [],
                "self": false,
                "to_port": 443
              },
              {
                "cidr_blocks": [
                  "0.0.0.0/0"
                ],
                "description": "",
                "from_port": 80,
                "ipv6_cidr_blocks": [],
                "prefix_list_ids": [],
                "protocol": "tcp",
                "security_groups": [],
                "self": false,
                "to_port": 80
              }
            ],
            "name": "terraform-20230614053439912100000002",
            "name_prefix": "terraform-",
            "owner_id": "243768659825",
            "revoke_rules_on_delete": false,
            "tags": {
              "Name": "Web-SG"
            },
            "tags_all": {
              "Name": "Web-SG"
            },
            "timeouts": null,
            "vpc_id": "vpc-04fa771911bc481bc"
          },
          "sensitive_attributes": [],
          "private": "eyJlMmJmYjczMC1lY2FhLTExZTYtOGY4OC0zNDM2M2JjN2M0YzAiOnsiY3JlYXRlIjo2MDAwMDAwMDAwMDAsImRlbGV0ZSI6OTAwMDAwMDAwMDAwfSwic2NoZW1hX3ZlcnNpb24iOiIxIn0=",
          "dependencies": [
            "aws_vpc.mainvpc"
          ]
        }
      ]
    },
    {
      "mode": "managed",
      "type": "aws_subnet",
      "name": "MyAppSn-1",
      "provider": "provider[\"registry.terraform.io/hashicorp/aws\"]",
      "instances": [
        {
          "schema_version": 1,
          "attributes": {
            "arn": "arn:aws:ec2:ap-south-1:243768659825:subnet/subnet-0c75e30c274b139b1",
            "assign_ipv6_address_on_creation": false,
            "availability_zone": "ap-south-1a",
            "availability_zone_id": "aps1-az1",
            "cidr_block": "10.0.254.0/24",
            "customer_owned_ipv4_pool": "",
            "enable_dns64": false,
            "enable_lni_at_device_index": 0,
            "enable_resource_name_dns_a_record_on_launch": false,
            "enable_resource_name_dns_aaaa_record_on_launch": false,
            "id": "subnet-0c75e30c274b139b1",
            "ipv6_cidr_block": "",
            "ipv6_cidr_block_association_id": "",
            "ipv6_native": false,
            "map_customer_owned_ip_on_launch": false,
            "map_public_ip_on_launch": false,
            "outpost_arn": "",
            "owner_id": "243768659825",
            "private_dns_hostname_type_on_launch": "ip-name",
            "tags": {
              "Name": "my-app-sn-1"
            },
            "tags_all": {
              "Name": "my-app-sn-1"
            },
            "timeouts": null,
            "vpc_id": "vpc-04fa771911bc481bc"
          },
          "sensitive_attributes": [],
          "private": "eyJlMmJmYjczMC1lY2FhLTExZTYtOGY4OC0zNDM2M2JjN2M0YzAiOnsiY3JlYXRlIjo2MDAwMDAwMDAwMDAsImRlbGV0ZSI6MTIwMDAwMDAwMDAwMH0sInNjaGVtYV92ZXJzaW9uIjoiMSJ9",
          "dependencies": [
            "aws_vpc.mainvpc"
          ]
        }
      ]
    },
    {
      "mode": "managed",
      "type": "aws_subnet",
      "name": "MyAppSn-2",
      "provider": "provider[\"registry.terraform.io/hashicorp/aws\"]",
      "instances": [
        {
          "schema_version": 1,
          "attributes": {
            "arn": "arn:aws:ec2:ap-south-1:243768659825:subnet/subnet-09368e77fade3aee5",
            "assign_ipv6_address_on_creation": false,
            "availability_zone": "ap-south-1b",
            "availability_zone_id": "aps1-az3",
            "cidr_block": "10.0.252.0/23",
            "customer_owned_ipv4_pool": "",
            "enable_dns64": false,
            "enable_lni_at_device_index": 0,
            "enable_resource_name_dns_a_record_on_launch": false,
            "enable_resource_name_dns_aaaa_record_on_launch": false,
            "id": "subnet-09368e77fade3aee5",
            "ipv6_cidr_block": "",
            "ipv6_cidr_block_association_id": "",
            "ipv6_native": false,
            "map_customer_owned_ip_on_launch": false,
            "map_public_ip_on_launch": false,
            "outpost_arn": "",
            "owner_id": "243768659825",
            "private_dns_hostname_type_on_launch": "ip-name",
            "tags": {
              "Name": "my-app-sn-2"
            },
            "tags_all": {
              "Name": "my-app-sn-2"
            },
            "timeouts": null,
            "vpc_id": "vpc-04fa771911bc481bc"
          },
          "sensitive_attributes": [],
          "private": "eyJlMmJmYjczMC1lY2FhLTExZTYtOGY4OC0zNDM2M2JjN2M0YzAiOnsiY3JlYXRlIjo2MDAwMDAwMDAwMDAsImRlbGV0ZSI6MTIwMDAwMDAwMDAwMH0sInNjaGVtYV92ZXJzaW9uIjoiMSJ9",
          "dependencies": [
            "aws_vpc.mainvpc"
          ]
        }
      ]
    },
    {
      "mode": "managed",
      "type": "aws_subnet",
      "name": "MyDbPvtSn-1",
      "provider": "provider[\"registry.terraform.io/hashicorp/aws\"]",
      "instances": [
        {
          "schema_version": 1,
          "attributes": {
            "arn": "arn:aws:ec2:ap-south-1:243768659825:subnet/subnet-01856086decd998fa",
            "assign_ipv6_address_on_creation": false,
            "availability_zone": "ap-south-1a",
            "availability_zone_id": "aps1-az1",
            "cidr_block": "10.0.248.0/22",
            "customer_owned_ipv4_pool": "",
            "enable_dns64": false,
            "enable_lni_at_device_index": 0,
            "enable_resource_name_dns_a_record_on_launch": false,
            "enable_resource_name_dns_aaaa_record_on_launch": false,
            "id": "subnet-01856086decd998fa",
            "ipv6_cidr_block": "",
            "ipv6_cidr_block_association_id": "",
            "ipv6_native": false,
            "map_customer_owned_ip_on_launch": false,
            "map_public_ip_on_launch": false,
            "outpost_arn": "",
            "owner_id": "243768659825",
            "private_dns_hostname_type_on_launch": "ip-name",
            "tags": {
              "Name": "my-db-sn-1"
            },
            "tags_all": {
              "Name": "my-db-sn-1"
            },
            "timeouts": null,
            "vpc_id": "vpc-04fa771911bc481bc"
          },
          "sensitive_attributes": [],
          "private": "eyJlMmJmYjczMC1lY2FhLTExZTYtOGY4OC0zNDM2M2JjN2M0YzAiOnsiY3JlYXRlIjo2MDAwMDAwMDAwMDAsImRlbGV0ZSI6MTIwMDAwMDAwMDAwMH0sInNjaGVtYV92ZXJzaW9uIjoiMSJ9",
          "dependencies": [
            "aws_vpc.mainvpc"
          ]
        }
      ]
    },
    {
      "mode": "managed",
      "type": "aws_subnet",
      "name": "MyDbPvtSn-2",
      "provider": "provider[\"registry.terraform.io/hashicorp/aws\"]",
      "instances": [
        {
          "schema_version": 1,
          "attributes": {
            "arn": "arn:aws:ec2:ap-south-1:243768659825:subnet/subnet-09d201d09733f4058",
            "assign_ipv6_address_on_creation": false,
            "availability_zone": "ap-south-1b",
            "availability_zone_id": "aps1-az3",
            "cidr_block": "10.0.240.0/21",
            "customer_owned_ipv4_pool": "",
            "enable_dns64": false,
            "enable_lni_at_device_index": 0,
            "enable_resource_name_dns_a_record_on_launch": false,
            "enable_resource_name_dns_aaaa_record_on_launch": false,
            "id": "subnet-09d201d09733f4058",
            "ipv6_cidr_block": "",
            "ipv6_cidr_block_association_id": "",
            "ipv6_native": false,
            "map_customer_owned_ip_on_launch": false,
            "map_public_ip_on_launch": false,
            "outpost_arn": "",
            "owner_id": "243768659825",
            "private_dns_hostname_type_on_launch": "ip-name",
            "tags": {
              "Name": "my-db-sn-1"
            },
            "tags_all": {
              "Name": "my-db-sn-1"
            },
            "timeouts": null,
            "vpc_id": "vpc-04fa771911bc481bc"
          },
          "sensitive_attributes": [],
          "private": "eyJlMmJmYjczMC1lY2FhLTExZTYtOGY4OC0zNDM2M2JjN2M0YzAiOnsiY3JlYXRlIjo2MDAwMDAwMDAwMDAsImRlbGV0ZSI6MTIwMDAwMDAwMDAwMH0sInNjaGVtYV92ZXJzaW9uIjoiMSJ9",
          "dependencies": [
            "aws_vpc.mainvpc"
          ]
        }
      ]
    },
    {
      "mode": "managed",
      "type": "aws_subnet",
      "name": "MyPubSn-1",
      "provider": "provider[\"registry.terraform.io/hashicorp/aws\"]",
      "instances": [
        {
          "schema_version": 1,
          "attributes": {
            "arn": "arn:aws:ec2:ap-south-1:243768659825:subnet/subnet-0a91153599aaf678d",
            "assign_ipv6_address_on_creation": false,
            "availability_zone": "ap-south-1a",
            "availability_zone_id": "aps1-az1",
            "cidr_block": "10.0.255.128/25",
            "customer_owned_ipv4_pool": "",
            "enable_dns64": false,
            "enable_lni_at_device_index": 0,
            "enable_resource_name_dns_a_record_on_launch": false,
            "enable_resource_name_dns_aaaa_record_on_launch": false,
            "id": "subnet-0a91153599aaf678d",
            "ipv6_cidr_block": "",
            "ipv6_cidr_block_association_id": "",
            "ipv6_native": false,
            "map_customer_owned_ip_on_launch": false,
            "map_public_ip_on_launch": true,
            "outpost_arn": "",
            "owner_id": "243768659825",
            "private_dns_hostname_type_on_launch": "ip-name",
            "tags": {
              "Name": "my-pub-sn-1"
            },
            "tags_all": {
              "Name": "my-pub-sn-1"
            },
            "timeouts": null,
            "vpc_id": "vpc-04fa771911bc481bc"
          },
          "sensitive_attributes": [],
          "private": "eyJlMmJmYjczMC1lY2FhLTExZTYtOGY4OC0zNDM2M2JjN2M0YzAiOnsiY3JlYXRlIjo2MDAwMDAwMDAwMDAsImRlbGV0ZSI6MTIwMDAwMDAwMDAwMH0sInNjaGVtYV92ZXJzaW9uIjoiMSJ9",
          "dependencies": [
            "aws_vpc.mainvpc"
          ]
        }
      ]
    },
    {
      "mode": "managed",
      "type": "aws_subnet",
      "name": "MyPubSn-2",
      "provider": "provider[\"registry.terraform.io/hashicorp/aws\"]",
      "instances": [
        {
          "schema_version": 1,
          "attributes": {
            "arn": "arn:aws:ec2:ap-south-1:243768659825:subnet/subnet-0dacd9487a8d8a901",
            "assign_ipv6_address_on_creation": false,
            "availability_zone": "ap-south-1b",
            "availability_zone_id": "aps1-az3",
            "cidr_block": "10.0.255.0/25",
            "customer_owned_ipv4_pool": "",
            "enable_dns64": false,
            "enable_lni_at_device_index": 0,
            "enable_resource_name_dns_a_record_on_launch": false,
            "enable_resource_name_dns_aaaa_record_on_launch": false,
            "id": "subnet-0dacd9487a8d8a901",
            "ipv6_cidr_block": "",
            "ipv6_cidr_block_association_id": "",
            "ipv6_native": false,
            "map_customer_owned_ip_on_launch": false,
            "map_public_ip_on_launch": true,
            "outpost_arn": "",
            "owner_id": "243768659825",
            "private_dns_hostname_type_on_launch": "ip-name",
            "tags": {
              "Name": "my-pub-sn-2"
            },
            "tags_all": {
              "Name": "my-pub-sn-2"
            },
            "timeouts": null,
            "vpc_id": "vpc-04fa771911bc481bc"
          },
          "sensitive_attributes": [],
          "private": "eyJlMmJmYjczMC1lY2FhLTExZTYtOGY4OC0zNDM2M2JjN2M0YzAiOnsiY3JlYXRlIjo2MDAwMDAwMDAwMDAsImRlbGV0ZSI6MTIwMDAwMDAwMDAwMH0sInNjaGVtYV92ZXJzaW9uIjoiMSJ9",
          "dependencies": [
            "aws_vpc.mainvpc"
          ]
        }
      ]
    },
    {
      "mode": "managed",
      "type": "aws_vpc",
      "name": "mainvpc",
      "provider": "provider[\"registry.terraform.io/hashicorp/aws\"]",
      "instances": [
        {
          "schema_version": 1,
          "attributes": {
            "arn": "arn:aws:ec2:ap-south-1:243768659825:vpc/vpc-04fa771911bc481bc",
            "assign_generated_ipv6_cidr_block": false,
            "cidr_block": "10.0.0.0/16",
            "default_network_acl_id": "acl-0276a1125b8e05047",
            "default_route_table_id": "rtb-087938bfb11cf92d9",
            "default_security_group_id": "sg-0ee210dd648f30b36",
            "dhcp_options_id": "dopt-09ff3c897406a2b9e",
            "enable_dns_hostnames": false,
            "enable_dns_support": true,
            "enable_network_address_usage_metrics": false,
            "id": "vpc-04fa771911bc481bc",
            "instance_tenancy": "default",
            "ipv4_ipam_pool_id": null,
            "ipv4_netmask_length": null,
            "ipv6_association_id": "",
            "ipv6_cidr_block": "",
            "ipv6_cidr_block_network_border_group": "",
            "ipv6_ipam_pool_id": "",
            "ipv6_netmask_length": 0,
            "main_route_table_id": "rtb-087938bfb11cf92d9",
            "owner_id": "243768659825",
            "tags": {
              "Name": "my-vpc"
            },
            "tags_all": {
              "Name": "my-vpc"
            }
          },
          "sensitive_attributes": [],
          "private": "eyJzY2hlbWFfdmVyc2lvbiI6IjEifQ=="
        }
      ]
    },
    {
      "mode": "managed",
      "type": "local_file",
      "name": "tf-key",
      "provider": "provider[\"registry.terraform.io/hashicorp/local\"]",
      "instances": [
        {
          "schema_version": 0,
          "attributes": {
            "content": "-----BEGIN RSA PRIVATE KEY-----\nMIIJKgIBAAKCAgEAtwMZPToKdkh8SoI+/g51YUHeQsc7nlissU1mHakzeQxwIcZx\nAx6rHNyDY0hX4ewV1vReTpvn/qfRvOCnoceipEpnJDjhIf2hhwBNByX7azEi/QhW\n+Lxebc4Q1x+Z+XluYGi+8K2x0MjgOt8X28TTHWnasNWFggCAuZf+qBameh3uY6mj\nDU40R+F29l6dLgEUJvrVu/qX6ubIFMlnI8LOVs2FwACQ2+AW+UDzSKJhF1i6Ko2q\n7fARtORJqKw5sFjKGcCu4DBO+WQQh6XasLZ1pd0gf/bJmGXqYXeUQmxgkikcofWy\ny+9nAo5KnNSGEGmPovxxus9g8uZ/Y9S5mgJjSB9QGdIN3jNXv0YqCL3+Y5e+xqgU\nlZPP7244EBsSBTRp4LpsrD1om+BYqfOYoBSxgIlg3lxfI8kXjoDABsYEq0Hx63Ec\noljtSlP47WZvP5w5O13+tE8BqqWm1PGl1nh4WJC5jhYhht//qb8HOc2Rrtsz8mOd\nVFS7XxMqn0wZJBFdmu4yxfNWLqQotrlSiXhNjZt6QZxKMnLh9HIuZvLtmPJ5gYdv\n11yL+75glySVYs2T+97glzPU6LwaPfyxRUBinT54lUjrBEJlf8q9Yr7wzdcUnWlM\nk6elkh7+sGVekWQVo09ZsiaNLpQ50U+LFHqmB2rYR61HIFSUkDk9ZtN6x9kCAwEA\nAQKCAgEAqmJpIhaiXOM5TEkcin09jRG88uD4QYD/LocHtj+sG1uYHenZl3T7DADF\nFi7pGv4oixqxnnAKOo1VeIqTpsvtQRXAFvoZqAKxWrXOAQS8oVx63abhCeyd4Y8D\nILVcLeZ++6Upd3vO27nZARZo6QPDJVRC9XWlOZZsQd4fibCkx3aMVh8+HYocpHtl\nvRPzNDxu3aeUS9GPlHPN/YRQ0PtyDWCE0G/2ba6g1OhCV/JNgGXr1OhWJfXnFkmf\nxjip8OOJLRa1+SUgsZEWzqN8Ch+lQomv01MY9xiTcLDayEiMVCeQb70G/FTjy35c\nOsymECunPa/X1ntyIFK2cWRAdAEbGhvBTdHDxq49wC+2rbbzEs1eMQj0uf9zDWcR\nac/EzFo099s2xVxLTe3uabFuo1KDDH/vjE4xJVrNnpcUPG89WVd5mmjb+GQhKQDM\nsFO71wMZepKPshD9qSIqXTDJmihg7mWgIj/LBfEK6BMAH0gMKHHoH6scYd4ljWz1\np7/o7n+a+FuFgYAxppX5DgNE/wd6tfrE04qlzYGw73vSQHg1lFP6NkDLOfcek9KC\nfbcSLdD6RQermiivgXalDfjk04FRW8IKGn5rprhB17TmUpZh9jyMyW/ioWq1gDXD\nNlRALCrJhzXawiu7vFg4gQ6SxdBNlGl8rqLnmpsL2KvFI6bIh4ECggEBAMvYGJL6\n6rPypUw1ll0K+TwFDs3V2YW7NlKeC4cvRM+zAYHXZ82WjMIZr/pkpxnfZBZoRIsy\nT/lrgNBxFSVD3fCwAj8aEqpW9oeIITKdrIOx6/eVjPsX4VayXWhweQorQ/POXS0X\nIkF/CsRVjja/zB2uSpWb1m97sFYCgIhJZQH/jKd3REJpP00c5JhR6pDxrOm44hsT\nDxVsA584ONkB6P/aZ506cq25oSJA/paNS+cLNqeGqgxOS0gZjwWSpc3IEz/GhYla\nilVJQR5ND1LfWnjhmaITAiodTJU8/7/KqC9bLEGoBpqdlsgOtFkevIguKpU/RJZL\nVDeuL63yJV9JrUkCggEBAOXWflt8F+DeDH91RPqNPjnnbsaMG4TPc+7XwPaf4mMJ\n9o+WIihhxvsNFkuFZBYyMT9IwRklZP/DYCs4ydi7oWfzwh+GwgvvTxhr8VYxd9hW\nLhT3k+89Iho/IcaDNkbaVFBUEBZ2RQAKTmfYFKPd2pvafn4zDBKW/hKytqJG1ccF\n+uG67XEe/HlfY//EsUMYNBk0gXRLoANDnNkuRnWhPJoJHwM6yjrPAHgjzrTKtP0/\n1jAi4B3/s7gSROpPn2R8Wcn5HQASjf2JzYVn+XJiczXocMzmv5MLQMVM0IPq+EKh\nRi404KqLOkAorJ1B07YWHenWWj+idea9dBw30+8iFhECggEBALF/B1bkmf366ShE\n+RsndQJoPQ3KilBCRfkGmW8rH7XjXwqacE66KvLQv0U+46pJtLM2M4kpVC4RB+d4\nsDr0r4rnF+2uXFZqxtwZEx8p4JAEGz5IwKvbjWGaim9okFzkc5UWOlgK7s8tOkjf\nXqgZtjiaDWPcgIoun8sk/pqtngBxbx5bYdqaHn6dDAf+PEvdxPz2+hstK1Mx7K11\nnTqIyUQP/20O+dB/9OkIwyaA/ni+cObLAcMZYb/0UW8+1JUtBGXiDWEer5m34bXq\nz88PoY3kk4xnFNlrDcZdiSyN4Ijr0MuS7b0wP50QAMYhV3UVDgtLPgPIsBqT1/yU\n/ynL09ECggEBAKFFytAi2RZ+eMKO5OHybfFvhXloIn8kmjLDzbDAK7hW612BeWJg\niaDrY/OGG96/RXMkd+pPJPmafEaXyHp93hn1HwfEJTD+sL9wLp3OhEuW3Sr1Niau\n/Njx559FvrYkyPi8o7U/M9d9Y9rV8lWxfI3T2OJwq034CTvRjvl7PtIyTgJKigXQ\nOlRoLODxgXiU6SmugA+8aQEhVlPGdsZfZwim0c4QWIq/aZLjfU261xjEzGRmdGBY\nZiEJILZRPITkBJUGaeT9IAkBwuaTOKOclT8EZPJCD7b8NGy9I6sNGzqVs4sEq4i/\nvRX79HM8F3QzPLYyJI12T8iis3CBdALeJiECggEAci2O6LyIiYaEAhVPTR90U2sP\nHWNruGRNfRRvbv/gGPP9V4gOHIEysKdj7ItM2nDxO2oo0EOeq+fXSa2taDAwA6hM\nk7BB50+MXVOvmh1Y+tYXRbB/XOCXbwRJBERJYd9ZYyby6XNNfBjEnp8wLbpQcRe3\nNd0lNTHrrLlsUTxismV0HiP6I9351uexz2yjcmCg7uyG/HRXTyxSuv1ojIcMrgIy\ndMNpSJofywpISHHQ7y7MnzjXgQ0LzL8xGJ2PEmnSJjVZFr6MpeDdZJV8ni9faNU8\njpy9R6cCzLQwvpw+W1b9wMLHiQfHAV/C3OX14sWmRR27MYqd6CQH9sxRK4+9bQ==\n-----END RSA PRIVATE KEY-----\n",
            "content_base64": null,
            "content_base64sha256": "2Yq9U9OIPfgf+izI8dhOolFMY9zTKD5lPXB+mD6rgSo=",
            "content_base64sha512": "HnpFt9N9zD1eSLQVP5Q3gWWN14fWtenpGkYGfRQoZI2eczF9eFNi25XYgKyUPKjAgyn9dVNEoltNqTxxPwP+rQ==",
            "content_md5": "8d786e4c343f876d8ba4f2c8856848d5",
            "content_sha1": "6f583535fe4628ce5546e15923cda2f5504fc072",
            "content_sha256": "d98abd53d3883df81ffa2cc8f1d84ea2514c63dcd3283e653d707e983eab812a",
            "content_sha512": "1e7a45b7d37dcc3d5e48b4153f943781658dd787d6b5e9e91a46067d1428648d9e73317d785362db95d880ac943ca8c08329fd755344a25b4da93c713f03fead",
            "directory_permission": "0777",
            "file_permission": "0777",
            "filename": "terra",
            "id": "6f583535fe4628ce5546e15923cda2f5504fc072",
            "sensitive_content": null,
            "source": null
          },
          "sensitive_attributes": [
            [
              {
                "type": "get_attr",
                "value": "content"
              }
            ]
          ],
          "dependencies": [
            "tls_private_key.rsa"
          ]
        }
      ]
    },
    {
      "mode": "managed",
      "type": "tls_private_key",
      "name": "rsa",
      "provider": "provider[\"registry.terraform.io/hashicorp/tls\"]",
      "instances": [
        {
          "schema_version": 1,
          "attributes": {
            "algorithm": "RSA",
            "ecdsa_curve": "P224",
            "id": "00afb706173c07b23e14c5641a5d1767da2bb770",
            "private_key_openssh": "-----BEGIN OPENSSH PRIVATE KEY-----\nb3BlbnNzaC1rZXktdjEAAAAABG5vbmUAAAAEbm9uZQAAAAAAAAABAAACFwAAAAdz\nc2gtcnNhAAAAAwEAAQAAAgEAtwMZPToKdkh8SoI+/g51YUHeQsc7nlissU1mHakz\neQxwIcZxAx6rHNyDY0hX4ewV1vReTpvn/qfRvOCnoceipEpnJDjhIf2hhwBNByX7\nazEi/QhW+Lxebc4Q1x+Z+XluYGi+8K2x0MjgOt8X28TTHWnasNWFggCAuZf+qBam\neh3uY6mjDU40R+F29l6dLgEUJvrVu/qX6ubIFMlnI8LOVs2FwACQ2+AW+UDzSKJh\nF1i6Ko2q7fARtORJqKw5sFjKGcCu4DBO+WQQh6XasLZ1pd0gf/bJmGXqYXeUQmxg\nkikcofWyy+9nAo5KnNSGEGmPovxxus9g8uZ/Y9S5mgJjSB9QGdIN3jNXv0YqCL3+\nY5e+xqgUlZPP7244EBsSBTRp4LpsrD1om+BYqfOYoBSxgIlg3lxfI8kXjoDABsYE\nq0Hx63EcoljtSlP47WZvP5w5O13+tE8BqqWm1PGl1nh4WJC5jhYhht//qb8HOc2R\nrtsz8mOdVFS7XxMqn0wZJBFdmu4yxfNWLqQotrlSiXhNjZt6QZxKMnLh9HIuZvLt\nmPJ5gYdv11yL+75glySVYs2T+97glzPU6LwaPfyxRUBinT54lUjrBEJlf8q9Yr7w\nzdcUnWlMk6elkh7+sGVekWQVo09ZsiaNLpQ50U+LFHqmB2rYR61HIFSUkDk9ZtN6\nx9kAAAc4b1PW5G9T1uQAAAAHc3NoLXJzYQAAAgEAtwMZPToKdkh8SoI+/g51YUHe\nQsc7nlissU1mHakzeQxwIcZxAx6rHNyDY0hX4ewV1vReTpvn/qfRvOCnoceipEpn\nJDjhIf2hhwBNByX7azEi/QhW+Lxebc4Q1x+Z+XluYGi+8K2x0MjgOt8X28TTHWna\nsNWFggCAuZf+qBameh3uY6mjDU40R+F29l6dLgEUJvrVu/qX6ubIFMlnI8LOVs2F\nwACQ2+AW+UDzSKJhF1i6Ko2q7fARtORJqKw5sFjKGcCu4DBO+WQQh6XasLZ1pd0g\nf/bJmGXqYXeUQmxgkikcofWyy+9nAo5KnNSGEGmPovxxus9g8uZ/Y9S5mgJjSB9Q\nGdIN3jNXv0YqCL3+Y5e+xqgUlZPP7244EBsSBTRp4LpsrD1om+BYqfOYoBSxgIlg\n3lxfI8kXjoDABsYEq0Hx63EcoljtSlP47WZvP5w5O13+tE8BqqWm1PGl1nh4WJC5\njhYhht//qb8HOc2Rrtsz8mOdVFS7XxMqn0wZJBFdmu4yxfNWLqQotrlSiXhNjZt6\nQZxKMnLh9HIuZvLtmPJ5gYdv11yL+75glySVYs2T+97glzPU6LwaPfyxRUBinT54\nlUjrBEJlf8q9Yr7wzdcUnWlMk6elkh7+sGVekWQVo09ZsiaNLpQ50U+LFHqmB2rY\nR61HIFSUkDk9ZtN6x9kAAAADAQABAAACAQCqYmkiFqJc4zlMSRyKfT2NEbzy4PhB\ngP8uhwe2P6wbW5gd6dmXdPsMAMUWLuka/iiLGrGecAo6jVV4ipOmy+1BFcAW+hmo\nArFatc4BBLyhXHrdpuEJ7J3hjwMgtVwt5n77pSl3e87budkBFmjpA8MlVEL1daU5\nlmxB3h+JsKTHdoxWHz4dihyke2W9E/M0PG7dp5RL0Y+Uc839hFDQ+3INYITQb/Zt\nrqDU6EJX8k2AZevU6FYl9ecWSZ/GOKnw44ktFrX5JSCxkRbOo3wKH6VCia/TUxj3\nGJNwsNrISIxUJ5BvvQb8VOPLflw6zKYQK6c9r9fWe3IgUrZxZEB0ARsaG8FN0cPG\nrj3AL7attvMSzV4xCPS5/3MNZxFpz8TMWjT32zbFXEtN7e5psW6jUoMMf++MTjEl\nWs2elxQ8bz1ZV3maaNv4ZCEpAMywU7vXAxl6ko+yEP2pIipdMMmaKGDuZaAiP8sF\n8QroEwAfSAwocegfqxxh3iWNbPWnv+juf5r4W4WBgDGmlfkOA0T/B3q1+sTTiqXN\ngbDve9JAeDWUU/o2QMs59x6T0oJ9txIt0PpFB6uaKK+BdqUN+OTTgVFbwgoafmum\nuEHXtOZSlmH2PIzJb+KharWANcM2VEAsKsmHNdrCK7u8WDiBDpLF0E2UaXyuouea\nmwvYq8UjpsiHgQAAAQByLY7ovIiJhoQCFU9NH3RTaw8dY2u4ZE19FG9u/+AY8/1X\niA4cgTKwp2Psi0zacPE7aijQQ56r59dJra1oMDADqEyTsEHnT4xdU6+aHVj61hdF\nsH9c4JdvBEkERElh31ljJvLpc018GMSenzAtulBxF7c13SU1MeusuWxRPGKyZXQe\nI/oj3fnW57HPbKNyYKDu7Ib8dFdPLFK6/WiMhwyuAjJ0w2lImh/LCkhIcdDvLsyf\nONeBDQvMvzEYnY8SadImNVkWvoyl4N1klXyeL19o1TyOnL1HpwLMtDC+nD5bVv3A\nwseJB8cBX8Lc5fXixaZFHbsxip3oJAf2zFErj71tAAABAQDL2BiS+uqz8qVMNZZd\nCvk8BQ7N1dmFuzZSnguHL0TPswGB12fNlozCGa/6ZKcZ32QWaESLMk/5a4DQcRUl\nQ93wsAI/GhKqVvaHiCEynayDsev3lYz7F+FWsl1ocHkKK0Pzzl0tFyJBfwrEVY42\nv8wdrkqVm9Zve7BWAoCISWUB/4ynd0RCaT9NHOSYUeqQ8azpuOIbEw8VbAOfODjZ\nAej/2medOnKtuaEiQP6WjUvnCzanhqoMTktIGY8FkqXNyBM/xoWJWopVSUEeTQ9S\n31p44ZmiEwIqHUyVPP+/yqgvWyxBqAaanZbIDrRZHryILiqVP0SWS1Q3ri+t8iVf\nSa1JAAABAQDl1n5bfBfg3gx/dUT6jT45527GjBuEz3Pu18D2n+JjCfaPliIoYcb7\nDRZLhWQWMjE/SMEZJWT/w2ArOMnYu6Fn88IfhsIL708Ya/FWMXfYVi4U95PvPSIa\nPyHGgzZG2lRQVBAWdkUACk5n2BSj3dqb2n5+MwwSlv4SsraiRtXHBfrhuu1xHvx5\nX2P/xLFDGDQZNIF0S6ADQ5zZLkZ1oTyaCR8DOso6zwB4I860yrT9P9YwIuAd/7O4\nEkTqT59kfFnJ+R0AEo39ic2FZ/lyYnM16HDM5r+TC0DFTNCD6vhCoUYuNOCqizpA\nKKydQdO2Fh3p1lo/onXmvXQcN9PvIhYRAAAAAAEC\n-----END OPENSSH PRIVATE KEY-----\n",
            "private_key_pem": "-----BEGIN RSA PRIVATE KEY-----\nMIIJKgIBAAKCAgEAtwMZPToKdkh8SoI+/g51YUHeQsc7nlissU1mHakzeQxwIcZx\nAx6rHNyDY0hX4ewV1vReTpvn/qfRvOCnoceipEpnJDjhIf2hhwBNByX7azEi/QhW\n+Lxebc4Q1x+Z+XluYGi+8K2x0MjgOt8X28TTHWnasNWFggCAuZf+qBameh3uY6mj\nDU40R+F29l6dLgEUJvrVu/qX6ubIFMlnI8LOVs2FwACQ2+AW+UDzSKJhF1i6Ko2q\n7fARtORJqKw5sFjKGcCu4DBO+WQQh6XasLZ1pd0gf/bJmGXqYXeUQmxgkikcofWy\ny+9nAo5KnNSGEGmPovxxus9g8uZ/Y9S5mgJjSB9QGdIN3jNXv0YqCL3+Y5e+xqgU\nlZPP7244EBsSBTRp4LpsrD1om+BYqfOYoBSxgIlg3lxfI8kXjoDABsYEq0Hx63Ec\noljtSlP47WZvP5w5O13+tE8BqqWm1PGl1nh4WJC5jhYhht//qb8HOc2Rrtsz8mOd\nVFS7XxMqn0wZJBFdmu4yxfNWLqQotrlSiXhNjZt6QZxKMnLh9HIuZvLtmPJ5gYdv\n11yL+75glySVYs2T+97glzPU6LwaPfyxRUBinT54lUjrBEJlf8q9Yr7wzdcUnWlM\nk6elkh7+sGVekWQVo09ZsiaNLpQ50U+LFHqmB2rYR61HIFSUkDk9ZtN6x9kCAwEA\nAQKCAgEAqmJpIhaiXOM5TEkcin09jRG88uD4QYD/LocHtj+sG1uYHenZl3T7DADF\nFi7pGv4oixqxnnAKOo1VeIqTpsvtQRXAFvoZqAKxWrXOAQS8oVx63abhCeyd4Y8D\nILVcLeZ++6Upd3vO27nZARZo6QPDJVRC9XWlOZZsQd4fibCkx3aMVh8+HYocpHtl\nvRPzNDxu3aeUS9GPlHPN/YRQ0PtyDWCE0G/2ba6g1OhCV/JNgGXr1OhWJfXnFkmf\nxjip8OOJLRa1+SUgsZEWzqN8Ch+lQomv01MY9xiTcLDayEiMVCeQb70G/FTjy35c\nOsymECunPa/X1ntyIFK2cWRAdAEbGhvBTdHDxq49wC+2rbbzEs1eMQj0uf9zDWcR\nac/EzFo099s2xVxLTe3uabFuo1KDDH/vjE4xJVrNnpcUPG89WVd5mmjb+GQhKQDM\nsFO71wMZepKPshD9qSIqXTDJmihg7mWgIj/LBfEK6BMAH0gMKHHoH6scYd4ljWz1\np7/o7n+a+FuFgYAxppX5DgNE/wd6tfrE04qlzYGw73vSQHg1lFP6NkDLOfcek9KC\nfbcSLdD6RQermiivgXalDfjk04FRW8IKGn5rprhB17TmUpZh9jyMyW/ioWq1gDXD\nNlRALCrJhzXawiu7vFg4gQ6SxdBNlGl8rqLnmpsL2KvFI6bIh4ECggEBAMvYGJL6\n6rPypUw1ll0K+TwFDs3V2YW7NlKeC4cvRM+zAYHXZ82WjMIZr/pkpxnfZBZoRIsy\nT/lrgNBxFSVD3fCwAj8aEqpW9oeIITKdrIOx6/eVjPsX4VayXWhweQorQ/POXS0X\nIkF/CsRVjja/zB2uSpWb1m97sFYCgIhJZQH/jKd3REJpP00c5JhR6pDxrOm44hsT\nDxVsA584ONkB6P/aZ506cq25oSJA/paNS+cLNqeGqgxOS0gZjwWSpc3IEz/GhYla\nilVJQR5ND1LfWnjhmaITAiodTJU8/7/KqC9bLEGoBpqdlsgOtFkevIguKpU/RJZL\nVDeuL63yJV9JrUkCggEBAOXWflt8F+DeDH91RPqNPjnnbsaMG4TPc+7XwPaf4mMJ\n9o+WIihhxvsNFkuFZBYyMT9IwRklZP/DYCs4ydi7oWfzwh+GwgvvTxhr8VYxd9hW\nLhT3k+89Iho/IcaDNkbaVFBUEBZ2RQAKTmfYFKPd2pvafn4zDBKW/hKytqJG1ccF\n+uG67XEe/HlfY//EsUMYNBk0gXRLoANDnNkuRnWhPJoJHwM6yjrPAHgjzrTKtP0/\n1jAi4B3/s7gSROpPn2R8Wcn5HQASjf2JzYVn+XJiczXocMzmv5MLQMVM0IPq+EKh\nRi404KqLOkAorJ1B07YWHenWWj+idea9dBw30+8iFhECggEBALF/B1bkmf366ShE\n+RsndQJoPQ3KilBCRfkGmW8rH7XjXwqacE66KvLQv0U+46pJtLM2M4kpVC4RB+d4\nsDr0r4rnF+2uXFZqxtwZEx8p4JAEGz5IwKvbjWGaim9okFzkc5UWOlgK7s8tOkjf\nXqgZtjiaDWPcgIoun8sk/pqtngBxbx5bYdqaHn6dDAf+PEvdxPz2+hstK1Mx7K11\nnTqIyUQP/20O+dB/9OkIwyaA/ni+cObLAcMZYb/0UW8+1JUtBGXiDWEer5m34bXq\nz88PoY3kk4xnFNlrDcZdiSyN4Ijr0MuS7b0wP50QAMYhV3UVDgtLPgPIsBqT1/yU\n/ynL09ECggEBAKFFytAi2RZ+eMKO5OHybfFvhXloIn8kmjLDzbDAK7hW612BeWJg\niaDrY/OGG96/RXMkd+pPJPmafEaXyHp93hn1HwfEJTD+sL9wLp3OhEuW3Sr1Niau\n/Njx559FvrYkyPi8o7U/M9d9Y9rV8lWxfI3T2OJwq034CTvRjvl7PtIyTgJKigXQ\nOlRoLODxgXiU6SmugA+8aQEhVlPGdsZfZwim0c4QWIq/aZLjfU261xjEzGRmdGBY\nZiEJILZRPITkBJUGaeT9IAkBwuaTOKOclT8EZPJCD7b8NGy9I6sNGzqVs4sEq4i/\nvRX79HM8F3QzPLYyJI12T8iis3CBdALeJiECggEAci2O6LyIiYaEAhVPTR90U2sP\nHWNruGRNfRRvbv/gGPP9V4gOHIEysKdj7ItM2nDxO2oo0EOeq+fXSa2taDAwA6hM\nk7BB50+MXVOvmh1Y+tYXRbB/XOCXbwRJBERJYd9ZYyby6XNNfBjEnp8wLbpQcRe3\nNd0lNTHrrLlsUTxismV0HiP6I9351uexz2yjcmCg7uyG/HRXTyxSuv1ojIcMrgIy\ndMNpSJofywpISHHQ7y7MnzjXgQ0LzL8xGJ2PEmnSJjVZFr6MpeDdZJV8ni9faNU8\njpy9R6cCzLQwvpw+W1b9wMLHiQfHAV/C3OX14sWmRR27MYqd6CQH9sxRK4+9bQ==\n-----END RSA PRIVATE KEY-----\n",
            "private_key_pem_pkcs8": "-----BEGIN PRIVATE KEY-----\nMIIJRAIBADANBgkqhkiG9w0BAQEFAASCCS4wggkqAgEAAoICAQC3Axk9Ogp2SHxK\ngj7+DnVhQd5CxzueWKyxTWYdqTN5DHAhxnEDHqsc3INjSFfh7BXW9F5Om+f+p9G8\n4Kehx6KkSmckOOEh/aGHAE0HJftrMSL9CFb4vF5tzhDXH5n5eW5gaL7wrbHQyOA6\n3xfbxNMdadqw1YWCAIC5l/6oFqZ6He5jqaMNTjRH4Xb2Xp0uARQm+tW7+pfq5sgU\nyWcjws5WzYXAAJDb4Bb5QPNIomEXWLoqjart8BG05EmorDmwWMoZwK7gME75ZBCH\npdqwtnWl3SB/9smYZephd5RCbGCSKRyh9bLL72cCjkqc1IYQaY+i/HG6z2Dy5n9j\n1LmaAmNIH1AZ0g3eM1e/RioIvf5jl77GqBSVk8/vbjgQGxIFNGngumysPWib4Fip\n85igFLGAiWDeXF8jyReOgMAGxgSrQfHrcRyiWO1KU/jtZm8/nDk7Xf60TwGqpabU\n8aXWeHhYkLmOFiGG3/+pvwc5zZGu2zPyY51UVLtfEyqfTBkkEV2a7jLF81YupCi2\nuVKJeE2Nm3pBnEoycuH0ci5m8u2Y8nmBh2/XXIv7vmCXJJVizZP73uCXM9TovBo9\n/LFFQGKdPniVSOsEQmV/yr1ivvDN1xSdaUyTp6WSHv6wZV6RZBWjT1myJo0ulDnR\nT4sUeqYHathHrUcgVJSQOT1m03rH2QIDAQABAoICAQCqYmkiFqJc4zlMSRyKfT2N\nEbzy4PhBgP8uhwe2P6wbW5gd6dmXdPsMAMUWLuka/iiLGrGecAo6jVV4ipOmy+1B\nFcAW+hmoArFatc4BBLyhXHrdpuEJ7J3hjwMgtVwt5n77pSl3e87budkBFmjpA8Ml\nVEL1daU5lmxB3h+JsKTHdoxWHz4dihyke2W9E/M0PG7dp5RL0Y+Uc839hFDQ+3IN\nYITQb/ZtrqDU6EJX8k2AZevU6FYl9ecWSZ/GOKnw44ktFrX5JSCxkRbOo3wKH6VC\nia/TUxj3GJNwsNrISIxUJ5BvvQb8VOPLflw6zKYQK6c9r9fWe3IgUrZxZEB0ARsa\nG8FN0cPGrj3AL7attvMSzV4xCPS5/3MNZxFpz8TMWjT32zbFXEtN7e5psW6jUoMM\nf++MTjElWs2elxQ8bz1ZV3maaNv4ZCEpAMywU7vXAxl6ko+yEP2pIipdMMmaKGDu\nZaAiP8sF8QroEwAfSAwocegfqxxh3iWNbPWnv+juf5r4W4WBgDGmlfkOA0T/B3q1\n+sTTiqXNgbDve9JAeDWUU/o2QMs59x6T0oJ9txIt0PpFB6uaKK+BdqUN+OTTgVFb\nwgoafmumuEHXtOZSlmH2PIzJb+KharWANcM2VEAsKsmHNdrCK7u8WDiBDpLF0E2U\naXyuoueamwvYq8UjpsiHgQKCAQEAy9gYkvrqs/KlTDWWXQr5PAUOzdXZhbs2Up4L\nhy9Ez7MBgddnzZaMwhmv+mSnGd9kFmhEizJP+WuA0HEVJUPd8LACPxoSqlb2h4gh\nMp2sg7Hr95WM+xfhVrJdaHB5CitD885dLRciQX8KxFWONr/MHa5KlZvWb3uwVgKA\niEllAf+Mp3dEQmk/TRzkmFHqkPGs6bjiGxMPFWwDnzg42QHo/9pnnTpyrbmhIkD+\nlo1L5ws2p4aqDE5LSBmPBZKlzcgTP8aFiVqKVUlBHk0PUt9aeOGZohMCKh1MlTz/\nv8qoL1ssQagGmp2WyA60WR68iC4qlT9ElktUN64vrfIlX0mtSQKCAQEA5dZ+W3wX\n4N4Mf3VE+o0+OeduxowbhM9z7tfA9p/iYwn2j5YiKGHG+w0WS4VkFjIxP0jBGSVk\n/8NgKzjJ2LuhZ/PCH4bCC+9PGGvxVjF32FYuFPeT7z0iGj8hxoM2RtpUUFQQFnZF\nAApOZ9gUo93am9p+fjMMEpb+ErK2okbVxwX64brtcR78eV9j/8SxQxg0GTSBdEug\nA0Oc2S5GdaE8mgkfAzrKOs8AeCPOtMq0/T/WMCLgHf+zuBJE6k+fZHxZyfkdABKN\n/YnNhWf5cmJzNehwzOa/kwtAxUzQg+r4QqFGLjTgqos6QCisnUHTthYd6dZaP6J1\n5r10HDfT7yIWEQKCAQEAsX8HVuSZ/frpKET5Gyd1Amg9DcqKUEJF+QaZbysfteNf\nCppwTroq8tC/RT7jqkm0szYziSlULhEH53iwOvSviucX7a5cVmrG3BkTHyngkAQb\nPkjAq9uNYZqKb2iQXORzlRY6WAruzy06SN9eqBm2OJoNY9yAii6fyyT+mq2eAHFv\nHlth2poefp0MB/48S93E/Pb6Gy0rUzHsrXWdOojJRA//bQ750H/06QjDJoD+eL5w\n5ssBwxlhv/RRbz7UlS0EZeINYR6vmbfhterPzw+hjeSTjGcU2WsNxl2JLI3giOvQ\ny5LtvTA/nRAAxiFXdRUOC0s+A8iwGpPX/JT/KcvT0QKCAQEAoUXK0CLZFn54wo7k\n4fJt8W+FeWgifySaMsPNsMAruFbrXYF5YmCJoOtj84Yb3r9FcyR36k8k+Zp8RpfI\nen3eGfUfB8QlMP6wv3Aunc6ES5bdKvU2Jq782PHnn0W+tiTI+LyjtT8z131j2tXy\nVbF8jdPY4nCrTfgJO9GO+Xs+0jJOAkqKBdA6VGgs4PGBeJTpKa6AD7xpASFWU8Z2\nxl9nCKbRzhBYir9pkuN9TbrXGMTMZGZ0YFhmIQkgtlE8hOQElQZp5P0gCQHC5pM4\no5yVPwRk8kIPtvw0bL0jqw0bOpWziwSriL+9Ffv0czwXdDM8tjIkjXZPyKKzcIF0\nAt4mIQKCAQByLY7ovIiJhoQCFU9NH3RTaw8dY2u4ZE19FG9u/+AY8/1XiA4cgTKw\np2Psi0zacPE7aijQQ56r59dJra1oMDADqEyTsEHnT4xdU6+aHVj61hdFsH9c4Jdv\nBEkERElh31ljJvLpc018GMSenzAtulBxF7c13SU1MeusuWxRPGKyZXQeI/oj3fnW\n57HPbKNyYKDu7Ib8dFdPLFK6/WiMhwyuAjJ0w2lImh/LCkhIcdDvLsyfONeBDQvM\nvzEYnY8SadImNVkWvoyl4N1klXyeL19o1TyOnL1HpwLMtDC+nD5bVv3AwseJB8cB\nX8Lc5fXixaZFHbsxip3oJAf2zFErj71t\n-----END PRIVATE KEY-----\n",
            "public_key_fingerprint_md5": "1d:0d:82:df:43:26:7b:35:17:31:a8:5c:2c:24:1a:1b",
            "public_key_fingerprint_sha256": "SHA256:/sjKXF4OkL2GSVD9bzeqQ7WBbpJlfdgfo2uKXQ6XCEA",
            "public_key_openssh": "ssh-rsa AAAAB3NzaC1yc2EAAAADAQABAAACAQC3Axk9Ogp2SHxKgj7+DnVhQd5CxzueWKyxTWYdqTN5DHAhxnEDHqsc3INjSFfh7BXW9F5Om+f+p9G84Kehx6KkSmckOOEh/aGHAE0HJftrMSL9CFb4vF5tzhDXH5n5eW5gaL7wrbHQyOA63xfbxNMdadqw1YWCAIC5l/6oFqZ6He5jqaMNTjRH4Xb2Xp0uARQm+tW7+pfq5sgUyWcjws5WzYXAAJDb4Bb5QPNIomEXWLoqjart8BG05EmorDmwWMoZwK7gME75ZBCHpdqwtnWl3SB/9smYZephd5RCbGCSKRyh9bLL72cCjkqc1IYQaY+i/HG6z2Dy5n9j1LmaAmNIH1AZ0g3eM1e/RioIvf5jl77GqBSVk8/vbjgQGxIFNGngumysPWib4Fip85igFLGAiWDeXF8jyReOgMAGxgSrQfHrcRyiWO1KU/jtZm8/nDk7Xf60TwGqpabU8aXWeHhYkLmOFiGG3/+pvwc5zZGu2zPyY51UVLtfEyqfTBkkEV2a7jLF81YupCi2uVKJeE2Nm3pBnEoycuH0ci5m8u2Y8nmBh2/XXIv7vmCXJJVizZP73uCXM9TovBo9/LFFQGKdPniVSOsEQmV/yr1ivvDN1xSdaUyTp6WSHv6wZV6RZBWjT1myJo0ulDnRT4sUeqYHathHrUcgVJSQOT1m03rH2Q==\n",
            "public_key_pem": "-----BEGIN PUBLIC KEY-----\nMIICIjANBgkqhkiG9w0BAQEFAAOCAg8AMIICCgKCAgEAtwMZPToKdkh8SoI+/g51\nYUHeQsc7nlissU1mHakzeQxwIcZxAx6rHNyDY0hX4ewV1vReTpvn/qfRvOCnocei\npEpnJDjhIf2hhwBNByX7azEi/QhW+Lxebc4Q1x+Z+XluYGi+8K2x0MjgOt8X28TT\nHWnasNWFggCAuZf+qBameh3uY6mjDU40R+F29l6dLgEUJvrVu/qX6ubIFMlnI8LO\nVs2FwACQ2+AW+UDzSKJhF1i6Ko2q7fARtORJqKw5sFjKGcCu4DBO+WQQh6XasLZ1\npd0gf/bJmGXqYXeUQmxgkikcofWyy+9nAo5KnNSGEGmPovxxus9g8uZ/Y9S5mgJj\nSB9QGdIN3jNXv0YqCL3+Y5e+xqgUlZPP7244EBsSBTRp4LpsrD1om+BYqfOYoBSx\ngIlg3lxfI8kXjoDABsYEq0Hx63EcoljtSlP47WZvP5w5O13+tE8BqqWm1PGl1nh4\nWJC5jhYhht//qb8HOc2Rrtsz8mOdVFS7XxMqn0wZJBFdmu4yxfNWLqQotrlSiXhN\njZt6QZxKMnLh9HIuZvLtmPJ5gYdv11yL+75glySVYs2T+97glzPU6LwaPfyxRUBi\nnT54lUjrBEJlf8q9Yr7wzdcUnWlMk6elkh7+sGVekWQVo09ZsiaNLpQ50U+LFHqm\nB2rYR61HIFSUkDk9ZtN6x9kCAwEAAQ==\n-----END PUBLIC KEY-----\n",
            "rsa_bits": 4096
          },
          "sensitive_attributes": []
        }
      ]
    }
  ],
  "check_results": null
}
